
Microsoft Visual Studio Solution File, Format Version 12.00
# Visual Studio Version 17
VisualStudioVersion = 17.9.34728.123
MinimumVisualStudioVersion = 10.0.40219.1
Project("{888888A0-9F3D-457C-B088-3A5042F75D52}") = "shutdown CODE FOR ALL OS", "shutdown CODE FOR ALL OS.pyproj", "{DFF028BE-EF19-4E11-B8BD-516351D10A4D}"
EndProject
Global
	GlobalSection(SolutionConfigurationPlatforms) = preSolution
		Debug|Any CPU = Debug|Any CPU
		Release|Any CPU = Release|Any CPU
	EndGlobalSection
	GlobalSection(ProjectConfigurationPlatforms) = postSolution
		{DFF028BE-EF19-4E11-B8BD-516351D10A4D}.Debug|Any CPU.ActiveCfg = Debug|Any CPU
		{DFF028BE-EF19-4E11-B8BD-516351D10A4D}.Release|Any CPU.ActiveCfg = Release|Any CPU
	EndGlobalSection
	GlobalSection(SolutionProperties) = preSolution
		HideSolutionNode = FALSE
	EndGlobalSection
	GlobalSection(ExtensibilityGlobals) = postSolution
		SolutionGuid = {506AC731-45AD-4E18-8944-8B25B047F46F}
	EndGlobalSection
EndGlobal
